{
    "name": "user-auth-example",
    "version": "0.0.1",
    "lockfileVersion": 1,
    "requires": true,
    "dependencies": {
        "async": {
            "version": "0.1.22",
            "resolved": "https://registry.npmjs.org/async/-/async-0.1.22.tgz",
            "integrity": "sha1-D8GqoIig4+8Ovi2IMbqw3PiEUGE="
        },
        "bson": {
            "version": "0.1.8",
            "resolved": "https://registry.npmjs.org/bson/-/bson-0.1.8.tgz",
            "integrity": "sha1-zzT9z/CBoYm1ibSz5ekwnNZQbIE="
        },
        "buffer-shims": {
            "version": "1.0.0",
            "resolved": "https://registry.npmjs.org/buffer-shims/-/buffer-shims-1.0.0.tgz",
            "integrity": "sha1-mXjOMXOIxkmth5MCjDR37wRKi1E="
        },
        "commander": {
            "version": "0.5.2",
            "resolved": "http://registry.npmjs.org/commander/-/commander-0.5.2.tgz",
            "integrity": "sha1-8nAyZwmhFaEmz+1WI4UkObjko7U="
        },
        "connect": {
            "version": "1.9.2",
            "resolved": "https://registry.npmjs.org/connect/-/connect-1.9.2.tgz",
            "integrity": "sha1-QogKIulDiuWait105Df1iujlKAc=",
            "requires": {
                "formidable": "1.0.x",
                "mime": ">= 0.0.1",
                "qs": ">= 0.4.0"
            }
        },
        "core-util-is": {
            "version": "1.0.2",
            "resolved": "https://registry.npmjs.org/core-util-is/-/core-util-is-1.0.2.tgz",
            "integrity": "sha1-tf1UIgqivFq1eqtxQMlAdUUDwac="
        },
        "es6-promise": {
            "version": "3.2.1",
            "resolved": "https://registry.npmjs.org/es6-promise/-/es6-promise-3.2.1.tgz",
            "integrity": "sha1-7FYjOGgDKQkgcXDDlEjiREndH8Q="
        },
        "express": {
            "version": "2.5.8",
            "resolved": "http://registry.npmjs.org/express/-/express-2.5.8.tgz",
            "integrity": "sha1-8Wa1XU6MbSMH74itF2gglhP3RSo=",
            "requires": {
                "connect": "1.x",
                "mime": "1.2.4",
                "mkdirp": "0.3.0",
                "qs": "0.4.x"
            }
        },
        "formidable": {
            "version": "1.0.16",
            "resolved": "https://registry.npmjs.org/formidable/-/formidable-1.0.16.tgz",
            "integrity": "sha1-SRbP38TL7QILJXpqlQWpqzjCzQ4="
        },
        "inherits": {
            "version": "2.0.3",
            "resolved": "https://registry.npmjs.org/inherits/-/inherits-2.0.3.tgz",
            "integrity": "sha1-Yzwsg+PaQqUC9SRmAiSA9CCCYd4="
        },
        "isarray": {
            "version": "1.0.0",
            "resolved": "https://registry.npmjs.org/isarray/-/isarray-1.0.0.tgz",
            "integrity": "sha1-u5NdSFgsuhaMBoNJV6VKPgcSTxE="
        },
        "jade": {
            "version": "0.20.3",
            "resolved": "https://registry.npmjs.org/jade/-/jade-0.20.3.tgz",
            "integrity": "sha1-f0PLxxA3Yqu3Kmf9ZITrcqwdKKA=",
            "requires": {
                "commander": "0.5.x",
                "mkdirp": ">= 0.0.7"
            }
        },
        "mime": {
            "version": "1.2.4",
            "resolved": "http://registry.npmjs.org/mime/-/mime-1.2.4.tgz",
            "integrity": "sha1-EbX9rynCUJJVF2uArVIClPXekrc="
        },
        "mkdirp": {
            "version": "0.3.0",
            "resolved": "http://registry.npmjs.org/mkdirp/-/mkdirp-0.3.0.tgz",
            "integrity": "sha1-G79asbqCevI1dRQ0kEJkVfSB/h4="
        },
        "mongodb": {
            "version": "2.2.36",
            "resolved": "https://registry.npmjs.org/mongodb/-/mongodb-2.2.36.tgz",
            "integrity": "sha512-P2SBLQ8Z0PVx71ngoXwo12+FiSfbNfGOClAao03/bant5DgLNkOPAck5IaJcEk4gKlQhDEURzfR3xuBG1/B+IA==",
            "requires": {
                "es6-promise": "3.2.1",
                "mongodb-core": "2.1.20",
                "readable-stream": "2.2.7"
            }
        },
        "mongodb-core": {
            "version": "2.1.20",
            "resolved": "https://registry.npmjs.org/mongodb-core/-/mongodb-core-2.1.20.tgz",
            "integrity": "sha512-IN57CX5/Q1bhDq6ShAR6gIv4koFsZP7L8WOK1S0lR0pVDQaScffSMV5jxubLsmZ7J+UdqmykKw4r9hG3XQEGgQ==",
            "requires": {
                "bson": "~1.0.4",
                "require_optional": "~1.0.0"
            },
            "dependencies": {
                "bson": {
                    "version": "1.0.9",
                    "resolved": "https://registry.npmjs.org/bson/-/bson-1.0.9.tgz",
                    "integrity": "sha512-IQX9/h7WdMBIW/q/++tGd+emQr0XMdeZ6icnT/74Xk9fnabWn+gZgpE+9V+gujL3hhJOoNrnDVY7tWdzc7NUTg=="
                }
            }
        },
        "mongodb-wrapper": {
            "version": "1.0.3",
            "resolved": "https://registry.npmjs.org/mongodb-wrapper/-/mongodb-wrapper-1.0.3.tgz",
            "integrity": "sha1-i65fR9jXIQBN8ijfF9NYNWDN4E0=",
            "requires": {
                "async": "~0.1.22",
                "mongodb": "1.2.x"
            },
            "dependencies": {
                "mongodb": {
                    "version": "1.2.14",
                    "resolved": "https://registry.npmjs.org/mongodb/-/mongodb-1.2.14.tgz",
                    "integrity": "sha1-JpZlVSBmQ3MI0JQgNmRuZ5XDqaM=",
                    "requires": {
                        "bson": "0.1.8"
                    }
                }
            }
        },
        "process-nextick-args": {
            "version": "1.0.7",
            "resolved": "https://registry.npmjs.org/process-nextick-args/-/process-nextick-args-1.0.7.tgz",
            "integrity": "sha1-FQ4gt1ZZCtP5EJPyWk8q2L/zC6M="
        },
        "qs": {
            "version": "0.4.2",
            "resolved": "http://registry.npmjs.org/qs/-/qs-0.4.2.tgz",
            "integrity": "sha1-PKxMhh43GoycR3CsI82o3mObjl8="
        },
        "readable-stream": {
            "version": "2.2.7",
            "resolved": "https://registry.npmjs.org/readable-stream/-/readable-stream-2.2.7.tgz",
            "integrity": "sha1-BwV6y+JGeyIELTb5jFrVBwVOlbE=",
            "requires": {
                "buffer-shims": "~1.0.0",
                "core-util-is": "~1.0.0",
                "inherits": "~2.0.1",
                "isarray": "~1.0.0",
                "process-nextick-args": "~1.0.6",
                "string_decoder": "~1.0.0",
                "util-deprecate": "~1.0.1"
            }
        },
        "require_optional": {
            "version": "1.0.1",
            "resolved": "https://registry.npmjs.org/require_optional/-/require_optional-1.0.1.tgz",
            "integrity": "sha512-qhM/y57enGWHAe3v/NcwML6a3/vfESLe/sGM2dII+gEO0BpKRUkWZow/tyloNqJyN6kXSl3RyyM8Ll5D/sJP8g==",
            "requires": {
                "resolve-from": "^2.0.0",
                "semver": "^5.1.0"
            }
        },
        "resolve-from": {
            "version": "2.0.0",
            "resolved": "https://registry.npmjs.org/resolve-from/-/resolve-from-2.0.0.tgz",
            "integrity": "sha1-lICrIOlP+h2egKgEx+oUdhGWa1c="
        },
        "safe-buffer": {
            "version": "5.1.2",
            "resolved": "https://registry.npmjs.org/safe-buffer/-/safe-buffer-5.1.2.tgz",
            "integrity": "sha512-Gd2UZBJDkXlY7GbJxfsE8/nvKkUEU1G38c1siN6QP6a9PT9MmHB8GnpscSmMJSoF8LOIrt8ud/wPtojys4G6+g=="
        },
        "semver": {
            "version": "5.6.0",
            "resolved": "https://registry.npmjs.org/semver/-/semver-5.6.0.tgz",
            "integrity": "sha512-RS9R6R35NYgQn++fkDWaOmqGoj4Ek9gGs+DPxNUZKuwE183xjJroKvyo1IzVFeXvUrvmALy6FWD5xrdJT25gMg=="
        },
        "string_decoder": {
            "version": "1.0.3",
            "resolved": "https://registry.npmjs.org/string_decoder/-/string_decoder-1.0.3.tgz",
            "integrity": "sha512-4AH6Z5fzNNBcH+6XDMfA/BTt87skxqJlO0lAh3Dker5zThcAxG6mKz+iGu308UKoPPQ8Dcqx/4JhujzltRa+hQ==",
            "requires": {
                "safe-buffer": "~5.1.0"
            }
        },
        "util-deprecate": {
            "version": "1.0.2",
            "resolved": "https://registry.npmjs.org/util-deprecate/-/util-deprecate-1.0.2.tgz",
            "integrity": "sha1-RQ1Nyfpw3nMnYvvS1KKJgUGaDM8="
        }
    }
}
